{
  "name": "my-app",
  "lockfileVersion": 3,
  "requires": true,
  "packages": {
    "": {
      "name": "my-app",
      "workspaces": [
        "packages/*"
      ]
    },
    "node_modules/foo": {
      "resolved": "packages/foo",
      "link": true
    },
    "packages/foo": {
      "version": "1.0.0"
    }
  }
}
